
Microsoft Visual Studio Solution File, Format Version 12.00
# Visual Studio Version 17
VisualStudioVersion = 17.11.35312.102
MinimumVisualStudioVersion = 10.0.40219.1
Project("{FAE04EC0-301F-11D3-BF4B-00C04F79EFBC}") = "TheWalkingPets.Service", "TheWalkingPets.Service\TheWalkingPets.Service.csproj", "{EE047862-42E4-4303-ABB0-85CA2818C9CE}"
EndProject
Global
	GlobalSection(SolutionConfigurationPlatforms) = preSolution
		Debug|Any CPU = Debug|Any CPU
		Release|Any CPU = Release|Any CPU
	EndGlobalSection
	GlobalSection(ProjectConfigurationPlatforms) = postSolution
		{EE047862-42E4-4303-ABB0-85CA2818C9CE}.Debug|Any CPU.ActiveCfg = Debug|Any CPU
		{EE047862-42E4-4303-ABB0-85CA2818C9CE}.Debug|Any CPU.Build.0 = Debug|Any CPU
		{EE047862-42E4-4303-ABB0-85CA2818C9CE}.Release|Any CPU.ActiveCfg = Release|Any CPU
		{EE047862-42E4-4303-ABB0-85CA2818C9CE}.Release|Any CPU.Build.0 = Release|Any CPU
	EndGlobalSection
	GlobalSection(SolutionProperties) = preSolution
		HideSolutionNode = FALSE
	EndGlobalSection
	GlobalSection(ExtensibilityGlobals) = postSolution
		SolutionGuid = {B8B18CF5-CDD3-4AEB-A43F-A8F2751988F4}
	EndGlobalSection
EndGlobal
